<Solution>
  <Folder Name="/test/">
    <Project Path="test/Game.Framework.Tests/Game.Framework.Tests.csproj" Id="e8726c30-ab83-4f5a-90e8-01f99d008685" />
  </Folder>
  <Project Path="Game.Framework/Game.Framework.csproj" Id="d1159301-26f5-4a78-ae8b-708d3a475b69" />
  <Project Path="SilkNetGame/SilkNetGame.csproj" />
</Solution>
